
Microsoft Visual Studio Solution File, Format Version 12.00
Project("{FAE04EC0-301F-11D3-BF4B-00C04F79EFBC}") = "StateDesignPattern", "StateDesignPattern\StateDesignPattern.csproj", "{741316BE-9119-47AC-9FD7-3A95DB7520F0}"
EndProject
Global
	GlobalSection(SolutionConfigurationPlatforms) = preSolution
		Debug|Any CPU = Debug|Any CPU
		Release|Any CPU = Release|Any CPU
	EndGlobalSection
	GlobalSection(ProjectConfigurationPlatforms) = postSolution
		{741316BE-9119-47AC-9FD7-3A95DB7520F0}.Debug|Any CPU.ActiveCfg = Debug|Any CPU
		{741316BE-9119-47AC-9FD7-3A95DB7520F0}.Debug|Any CPU.Build.0 = Debug|Any CPU
		{741316BE-9119-47AC-9FD7-3A95DB7520F0}.Release|Any CPU.ActiveCfg = Release|Any CPU
		{741316BE-9119-47AC-9FD7-3A95DB7520F0}.Release|Any CPU.Build.0 = Release|Any CPU
	EndGlobalSection
EndGlobal
